
Microsoft Visual Studio Solution File, Format Version 12.00
# Visual Studio Version 16
VisualStudioVersion = 25.0.1705.4
MinimumVisualStudioVersion = 10.0.40219.1
Project("{FAE04EC0-301F-11D3-BF4B-00C04F79EFBC}") = "MagicVilla_VillaAPI", "MagicVilla_VillaAPI\MagicVilla_VillaAPI.csproj", "{C06B0507-81A4-4145-8C77-69A796E397FE}"
EndProject
Global
	GlobalSection(SolutionConfigurationPlatforms) = preSolution
		Debug|Any CPU = Debug|Any CPU
		Release|Any CPU = Release|Any CPU
	EndGlobalSection
	GlobalSection(ProjectConfigurationPlatforms) = postSolution
		{C06B0507-81A4-4145-8C77-69A796E397FE}.Debug|Any CPU.ActiveCfg = Debug|Any CPU
		{C06B0507-81A4-4145-8C77-69A796E397FE}.Debug|Any CPU.Build.0 = Debug|Any CPU
		{C06B0507-81A4-4145-8C77-69A796E397FE}.Release|Any CPU.ActiveCfg = Release|Any CPU
		{C06B0507-81A4-4145-8C77-69A796E397FE}.Release|Any CPU.Build.0 = Release|Any CPU
	EndGlobalSection
	GlobalSection(SolutionProperties) = preSolution
		HideSolutionNode = FALSE
	EndGlobalSection
	GlobalSection(ExtensibilityGlobals) = postSolution
		SolutionGuid = {563E97E0-F70C-4AB1-BD78-19B318298B58}
	EndGlobalSection
EndGlobal
