
Microsoft Visual Studio Solution File, Format Version 12.00
# Visual Studio Version 16
VisualStudioVersion = 25.0.1706.11
MinimumVisualStudioVersion = 10.0.40219.1
Project("{FAE04EC0-301F-11D3-BF4B-00C04F79EFBC}") = "WebAPI", "WebAPI\WebAPI.csproj", "{740F89D6-E2DF-490F-AA50-3E4878DABB94}"
EndProject
Global
	GlobalSection(SolutionConfigurationPlatforms) = preSolution
		Debug|Any CPU = Debug|Any CPU
		Release|Any CPU = Release|Any CPU
	EndGlobalSection
	GlobalSection(ProjectConfigurationPlatforms) = postSolution
		{740F89D6-E2DF-490F-AA50-3E4878DABB94}.Debug|Any CPU.ActiveCfg = Debug|Any CPU
		{740F89D6-E2DF-490F-AA50-3E4878DABB94}.Debug|Any CPU.Build.0 = Debug|Any CPU
		{740F89D6-E2DF-490F-AA50-3E4878DABB94}.Release|Any CPU.ActiveCfg = Release|Any CPU
		{740F89D6-E2DF-490F-AA50-3E4878DABB94}.Release|Any CPU.Build.0 = Release|Any CPU
	EndGlobalSection
	GlobalSection(SolutionProperties) = preSolution
		HideSolutionNode = FALSE
	EndGlobalSection
	GlobalSection(ExtensibilityGlobals) = postSolution
		SolutionGuid = {DFB2A154-8F1B-4F87-B15C-8EBF7648C5DF}
	EndGlobalSection
EndGlobal
