
Microsoft Visual Studio Solution File, Format Version 12.00
# Visual Studio Version 16
VisualStudioVersion = 25.0.1706.2
MinimumVisualStudioVersion = 10.0.40219.1
Project("{FAE04EC0-301F-11D3-BF4B-00C04F79EFBC}") = "SchoolAPI_Service", "SchoolAPI_Service\SchoolAPI_Service.csproj", "{F7C631F2-6B15-4BE8-870B-A214138330E7}"
EndProject
Project("{FAE04EC0-301F-11D3-BF4B-00C04F79EFBC}") = "SchoolAPI_Web", "SchoolAPI_Web\SchoolAPI_Web.csproj", "{EEA060D7-B7AA-4B5C-B543-C98EA9F3EBCF}"
EndProject
Global
	GlobalSection(SolutionConfigurationPlatforms) = preSolution
		Debug|Any CPU = Debug|Any CPU
		Release|Any CPU = Release|Any CPU
	EndGlobalSection
	GlobalSection(ProjectConfigurationPlatforms) = postSolution
		{F7C631F2-6B15-4BE8-870B-A214138330E7}.Debug|Any CPU.ActiveCfg = Debug|Any CPU
		{F7C631F2-6B15-4BE8-870B-A214138330E7}.Debug|Any CPU.Build.0 = Debug|Any CPU
		{F7C631F2-6B15-4BE8-870B-A214138330E7}.Release|Any CPU.ActiveCfg = Release|Any CPU
		{F7C631F2-6B15-4BE8-870B-A214138330E7}.Release|Any CPU.Build.0 = Release|Any CPU
		{EEA060D7-B7AA-4B5C-B543-C98EA9F3EBCF}.Debug|Any CPU.ActiveCfg = Debug|Any CPU
		{EEA060D7-B7AA-4B5C-B543-C98EA9F3EBCF}.Debug|Any CPU.Build.0 = Debug|Any CPU
		{EEA060D7-B7AA-4B5C-B543-C98EA9F3EBCF}.Release|Any CPU.ActiveCfg = Release|Any CPU
		{EEA060D7-B7AA-4B5C-B543-C98EA9F3EBCF}.Release|Any CPU.Build.0 = Release|Any CPU
	EndGlobalSection
	GlobalSection(SolutionProperties) = preSolution
		HideSolutionNode = FALSE
	EndGlobalSection
	GlobalSection(ExtensibilityGlobals) = postSolution
		SolutionGuid = {95993288-7AD3-4297-89E4-287D168F445D}
	EndGlobalSection
EndGlobal
